
Microsoft Visual Studio Solution File, Format Version 12.00
# Visual Studio Version 17
VisualStudioVersion = 17.1.32228.430
MinimumVisualStudioVersion = 10.0.40219.1
Project("{FAE04EC0-301F-11D3-BF4B-00C04F79EFBC}") = "MSDT", "MSDT\MSDT.csproj", "{749957D5-6721-4C8F-9B72-ED35416824F7}"
EndProject
Global
	GlobalSection(SolutionConfigurationPlatforms) = preSolution
		Debug|Any CPU = Debug|Any CPU
		Release|Any CPU = Release|Any CPU
	EndGlobalSection
	GlobalSection(ProjectConfigurationPlatforms) = postSolution
		{749957D5-6721-4C8F-9B72-ED35416824F7}.Debug|Any CPU.ActiveCfg = Debug|Any CPU
		{749957D5-6721-4C8F-9B72-ED35416824F7}.Debug|Any CPU.Build.0 = Debug|Any CPU
		{749957D5-6721-4C8F-9B72-ED35416824F7}.Release|Any CPU.ActiveCfg = Release|Any CPU
		{749957D5-6721-4C8F-9B72-ED35416824F7}.Release|Any CPU.Build.0 = Release|Any CPU
	EndGlobalSection
	GlobalSection(SolutionProperties) = preSolution
		HideSolutionNode = FALSE
	EndGlobalSection
	GlobalSection(ExtensibilityGlobals) = postSolution
		SolutionGuid = {C6F4DA3D-994F-40A0-B27F-774A3656E2FB}
	EndGlobalSection
EndGlobal
